
Microsoft Visual Studio Solution File, Format Version 12.00
# Visual Studio Version 16
VisualStudioVersion = 16.0.31112.23
MinimumVisualStudioVersion = 10.0.40219.1
Project("{FAE04EC0-301F-11D3-BF4B-00C04F79EFBC}") = "QLBH", "QLBH.csproj", "{D0CC9335-3BF6-4C9A-9C1E-41DD2BBB35F7}"
EndProject
Global
	GlobalSection(SolutionConfigurationPlatforms) = preSolution
		Debug|Any CPU = Debug|Any CPU
		Release|Any CPU = Release|Any CPU
	EndGlobalSection
	GlobalSection(ProjectConfigurationPlatforms) = postSolution
		{D0CC9335-3BF6-4C9A-9C1E-41DD2BBB35F7}.Debug|Any CPU.ActiveCfg = Debug|Any CPU
		{D0CC9335-3BF6-4C9A-9C1E-41DD2BBB35F7}.Debug|Any CPU.Build.0 = Debug|Any CPU
		{D0CC9335-3BF6-4C9A-9C1E-41DD2BBB35F7}.Release|Any CPU.ActiveCfg = Release|Any CPU
		{D0CC9335-3BF6-4C9A-9C1E-41DD2BBB35F7}.Release|Any CPU.Build.0 = Release|Any CPU
	EndGlobalSection
	GlobalSection(SolutionProperties) = preSolution
		HideSolutionNode = FALSE
	EndGlobalSection
	GlobalSection(ExtensibilityGlobals) = postSolution
		SolutionGuid = {9DC33CBF-D90C-4C3E-AD1F-666E3E35D8EE}
	EndGlobalSection
EndGlobal
